// !$*UTF8*$!
{
	archiveVersion = 1;
	classes = {
	};
	objectVersion = 55;
	objects = {

/* Begin PBXBuildFile section */
		290FF5157B51B76936006A3D /* Pods_TravelGuideApplication.framework in Frameworks */ = {isa = PBXBuildFile; fileRef = AA4700C70D0F232D87747B97 /* Pods_TravelGuideApplication.framework */; };
		5609FACD28E756F9008EA005 /* BookmarkCoreData+CoreDataClass.swift in Sources */ = {isa = PBXBuildFile; fileRef = 5609FACB28E756F9008EA005 /* BookmarkCoreData+CoreDataClass.swift */; };
		5609FACE28E756F9008EA005 /* BookmarkCoreData+CoreDataProperties.swift in Sources */ = {isa = PBXBuildFile; fileRef = 5609FACC28E756F9008EA005 /* BookmarkCoreData+CoreDataProperties.swift */; };
		5609FAD028E75A84008EA005 /* CoreDataStack.swift in Sources */ = {isa = PBXBuildFile; fileRef = 5609FACF28E75A84008EA005 /* CoreDataStack.swift */; };
		562B70DA28E33471002A52AB /* AppDelegate.swift in Sources */ = {isa = PBXBuildFile; fileRef = 562B70D928E33471002A52AB /* AppDelegate.swift */; };
		562B70DC28E33471002A52AB /* SceneDelegate.swift in Sources */ = {isa = PBXBuildFile; fileRef = 562B70DB28E33471002A52AB /* SceneDelegate.swift */; };
		562B70E128E33471002A52AB /* Main.storyboard in Resources */ = {isa = PBXBuildFile; fileRef = 562B70DF28E33471002A52AB /* Main.storyboard */; };
		562B70E428E33471002A52AB /* TravelGuideApplication.xcdatamodeld in Sources */ = {isa = PBXBuildFile; fileRef = 562B70E228E33471002A52AB /* TravelGuideApplication.xcdatamodeld */; };
		562B70E628E33474002A52AB /* Assets.xcassets in Resources */ = {isa = PBXBuildFile; fileRef = 562B70E528E33474002A52AB /* Assets.xcassets */; };
		562B70E928E33474002A52AB /* LaunchScreen.storyboard in Resources */ = {isa = PBXBuildFile; fileRef = 562B70E728E33474002A52AB /* LaunchScreen.storyboard */; };
		564A450028E33A5D00D7912F /* TableViewHelper.swift in Sources */ = {isa = PBXBuildFile; fileRef = 564A44FF28E33A5D00D7912F /* TableViewHelper.swift */; };
		564A450228E33A6800D7912F /* CollectionViewHelper.swift in Sources */ = {isa = PBXBuildFile; fileRef = 564A450128E33A6800D7912F /* CollectionViewHelper.swift */; };
		564A450428E33A9300D7912F /* TabBarControllerExtension.swift in Sources */ = {isa = PBXBuildFile; fileRef = 564A450328E33A9300D7912F /* TabBarControllerExtension.swift */; };
		564A450628E33C1A00D7912F /* HomeStoryboard.storyboard in Resources */ = {isa = PBXBuildFile; fileRef = 564A450528E33C1A00D7912F /* HomeStoryboard.storyboard */; };
		564A450828E33C3300D7912F /* HomeViewController.swift in Sources */ = {isa = PBXBuildFile; fileRef = 564A450728E33C3300D7912F /* HomeViewController.swift */; };
		564A450E28E3578800D7912F /* SearchStoryboard.storyboard in Resources */ = {isa = PBXBuildFile; fileRef = 564A450D28E3578800D7912F /* SearchStoryboard.storyboard */; };
		564A451028E357DF00D7912F /* SearchViewController.swift in Sources */ = {isa = PBXBuildFile; fileRef = 564A450F28E357DF00D7912F /* SearchViewController.swift */; };
		564A451628E3585B00D7912F /* BookmarkStoryboard.storyboard in Resources */ = {isa = PBXBuildFile; fileRef = 564A451528E3585B00D7912F /* BookmarkStoryboard.storyboard */; };
		564A451828E3588900D7912F /* BookmarkViewController.swift in Sources */ = {isa = PBXBuildFile; fileRef = 564A451728E3588900D7912F /* BookmarkViewController.swift */; };
		564A451A28E42BEE00D7912F /* Source_Sans_Pro in Resources */ = {isa = PBXBuildFile; fileRef = 564A451928E42BEE00D7912F /* Source_Sans_Pro */; };
		564A451C28E4556000D7912F /* HomeViewControllerExtensions.swift in Sources */ = {isa = PBXBuildFile; fileRef = 564A451B28E4556000D7912F /* HomeViewControllerExtensions.swift */; };
		564A451F28E458F200D7912F /* TopArticlesCollectionViewCell.swift in Sources */ = {isa = PBXBuildFile; fileRef = 564A451D28E458F200D7912F /* TopArticlesCollectionViewCell.swift */; };
		564A452028E458F200D7912F /* TopArticlesCollectionViewCell.xib in Resources */ = {isa = PBXBuildFile; fileRef = 564A451E28E458F200D7912F /* TopArticlesCollectionViewCell.xib */; };
		564A452228E47AD100D7912F /* HomeViewModel.swift in Sources */ = {isa = PBXBuildFile; fileRef = 564A452128E47AD100D7912F /* HomeViewModel.swift */; };
		564A452428E47D0C00D7912F /* Article.swift in Sources */ = {isa = PBXBuildFile; fileRef = 564A452328E47D0C00D7912F /* Article.swift */; };
		564A452628E47D4100D7912F /* ArticleModel.swift in Sources */ = {isa = PBXBuildFile; fileRef = 564A452528E47D4100D7912F /* ArticleModel.swift */; };
		564E777228E5C1E900190601 /* SearchViewControllerExtension.swift in Sources */ = {isa = PBXBuildFile; fileRef = 564E777128E5C1E900190601 /* SearchViewControllerExtension.swift */; };
		564E777428E627F700190601 /* SearchViewModel.swift in Sources */ = {isa = PBXBuildFile; fileRef = 564E777328E627F700190601 /* SearchViewModel.swift */; };
		564E777628E6280400190601 /* SearchModel.swift in Sources */ = {isa = PBXBuildFile; fileRef = 564E777528E6280400190601 /* SearchModel.swift */; };
		569E9CBE28E4D1D300F4B9EA /* FlightsHotelsViewController.swift in Sources */ = {isa = PBXBuildFile; fileRef = 569E9CBD28E4D1D300F4B9EA /* FlightsHotelsViewController.swift */; };
		569E9CC028E4D1E900F4B9EA /* FlightsHotelsViewModel.swift in Sources */ = {isa = PBXBuildFile; fileRef = 569E9CBF28E4D1E900F4B9EA /* FlightsHotelsViewModel.swift */; };
		569E9CC228E4D20800F4B9EA /* Flights.swift in Sources */ = {isa = PBXBuildFile; fileRef = 569E9CC128E4D20800F4B9EA /* Flights.swift */; };
		569E9CC428E4D21400F4B9EA /* Hotels.swift in Sources */ = {isa = PBXBuildFile; fileRef = 569E9CC328E4D21400F4B9EA /* Hotels.swift */; };
		569E9CC628E4D27500F4B9EA /* FlightsHotelsModel.swift in Sources */ = {isa = PBXBuildFile; fileRef = 569E9CC528E4D27500F4B9EA /* FlightsHotelsModel.swift */; };
		569E9CC928E4D72900F4B9EA /* FlightsHotelsTableViewCell.swift in Sources */ = {isa = PBXBuildFile; fileRef = 569E9CC728E4D72900F4B9EA /* FlightsHotelsTableViewCell.swift */; };
		569E9CCA28E4D72900F4B9EA /* FlightsHotelsTableViewCell.xib in Resources */ = {isa = PBXBuildFile; fileRef = 569E9CC828E4D72900F4B9EA /* FlightsHotelsTableViewCell.xib */; };
		569E9CCC28E4D87D00F4B9EA /* FlightsHotels.storyboard in Resources */ = {isa = PBXBuildFile; fileRef = 569E9CCB28E4D87D00F4B9EA /* FlightsHotels.storyboard */; };
		56E9FF7528E7048A007C24DA /* BookmarkViewModel.swift in Sources */ = {isa = PBXBuildFile; fileRef = 56E9FF7428E7048A007C24DA /* BookmarkViewModel.swift */; };
		56E9FF7728E70494007C24DA /* BookmarkModel.swift in Sources */ = {isa = PBXBuildFile; fileRef = 56E9FF7628E70494007C24DA /* BookmarkModel.swift */; };
		56E9FF7928E7049E007C24DA /* Bookmark.swift in Sources */ = {isa = PBXBuildFile; fileRef = 56E9FF7828E7049E007C24DA /* Bookmark.swift */; };
		56E9FF7E28E70B2A007C24DA /* DetailStoryboard.storyboard in Resources */ = {isa = PBXBuildFile; fileRef = 56E9FF7D28E70B2A007C24DA /* DetailStoryboard.storyboard */; };
		56E9FF8028E70B3D007C24DA /* DetailViewController.swift in Sources */ = {isa = PBXBuildFile; fileRef = 56E9FF7F28E70B3D007C24DA /* DetailViewController.swift */; };
/* End PBXBuildFile section */

/* Begin PBXFileReference section */
		0304E5E5D4C52480887683EC /* Pods-TravelGuideApplication.release.xcconfig */ = {isa = PBXFileReference; includeInIndex = 1; lastKnownFileType = text.xcconfig; name = "Pods-TravelGuideApplication.release.xcconfig"; path = "Target Support Files/Pods-TravelGuideApplication/Pods-TravelGuideApplication.release.xcconfig"; sourceTree = "<group>"; };
		5609FACB28E756F9008EA005 /* BookmarkCoreData+CoreDataClass.swift */ = {isa = PBXFileReference; lastKnownFileType = sourcecode.swift; path = "BookmarkCoreData+CoreDataClass.swift"; sourceTree = SOURCE_ROOT; };
		5609FACC28E756F9008EA005 /* BookmarkCoreData+CoreDataProperties.swift */ = {isa = PBXFileReference; lastKnownFileType = sourcecode.swift; path = "BookmarkCoreData+CoreDataProperties.swift"; sourceTree = SOURCE_ROOT; };
		5609FACF28E75A84008EA005 /* CoreDataStack.swift */ = {isa = PBXFileReference; lastKnownFileType = sourcecode.swift; path = CoreDataStack.swift; sourceTree = "<group>"; };
		562B70D628E33471002A52AB /* TravelGuideApplication.app */ = {isa = PBXFileReference; explicitFileType = wrapper.application; includeInIndex = 0; path = TravelGuideApplication.app; sourceTree = BUILT_PRODUCTS_DIR; };
		562B70D928E33471002A52AB /* AppDelegate.swift */ = {isa = PBXFileReference; lastKnownFileType = sourcecode.swift; path = AppDelegate.swift; sourceTree = "<group>"; };
		562B70DB28E33471002A52AB /* SceneDelegate.swift */ = {isa = PBXFileReference; lastKnownFileType = sourcecode.swift; path = SceneDelegate.swift; sourceTree = "<group>"; };
		562B70E028E33471002A52AB /* Base */ = {isa = PBXFileReference; lastKnownFileType = file.storyboard; name = Base; path = Base.lproj/Main.storyboard; sourceTree = "<group>"; };
		562B70E328E33471002A52AB /* TravelGuideApplication.xcdatamodel */ = {isa = PBXFileReference; lastKnownFileType = wrapper.xcdatamodel; path = TravelGuideApplication.xcdatamodel; sourceTree = "<group>"; };
		562B70E528E33474002A52AB /* Assets.xcassets */ = {isa = PBXFileReference; lastKnownFileType = folder.assetcatalog; path = Assets.xcassets; sourceTree = "<group>"; };
		562B70E828E33474002A52AB /* Base */ = {isa = PBXFileReference; lastKnownFileType = file.storyboard; name = Base; path = Base.lproj/LaunchScreen.storyboard; sourceTree = "<group>"; };
		562B70EA28E33474002A52AB /* Info.plist */ = {isa = PBXFileReference; lastKnownFileType = text.plist.xml; path = Info.plist; sourceTree = "<group>"; };
		564A44FF28E33A5D00D7912F /* TableViewHelper.swift */ = {isa = PBXFileReference; lastKnownFileType = sourcecode.swift; path = TableViewHelper.swift; sourceTree = "<group>"; };
		564A450128E33A6800D7912F /* CollectionViewHelper.swift */ = {isa = PBXFileReference; lastKnownFileType = sourcecode.swift; path = CollectionViewHelper.swift; sourceTree = "<group>"; };
		564A450328E33A9300D7912F /* TabBarControllerExtension.swift */ = {isa = PBXFileReference; lastKnownFileType = sourcecode.swift; path = TabBarControllerExtension.swift; sourceTree = "<group>"; };
		564A450528E33C1A00D7912F /* HomeStoryboard.storyboard */ = {isa = PBXFileReference; lastKnownFileType = file.storyboard; path = HomeStoryboard.storyboard; sourceTree = "<group>"; };
		564A450728E33C3300D7912F /* HomeViewController.swift */ = {isa = PBXFileReference; lastKnownFileType = sourcecode.swift; path = HomeViewController.swift; sourceTree = "<group>"; };
		564A450D28E3578800D7912F /* SearchStoryboard.storyboard */ = {isa = PBXFileReference; lastKnownFileType = file.storyboard; path = SearchStoryboard.storyboard; sourceTree = "<group>"; };
		564A450F28E357DF00D7912F /* SearchViewController.swift */ = {isa = PBXFileReference; lastKnownFileType = sourcecode.swift; path = SearchViewController.swift; sourceTree = "<group>"; };
		564A451528E3585B00D7912F /* BookmarkStoryboard.storyboard */ = {isa = PBXFileReference; lastKnownFileType = file.storyboard; path = BookmarkStoryboard.storyboard; sourceTree = "<group>"; };
		564A451728E3588900D7912F /* BookmarkViewController.swift */ = {isa = PBXFileReference; lastKnownFileType = sourcecode.swift; path = BookmarkViewController.swift; sourceTree = "<group>"; };
		564A451928E42BEE00D7912F /* Source_Sans_Pro */ = {isa = PBXFileReference; lastKnownFileType = folder; path = Source_Sans_Pro; sourceTree = "<group>"; };
		564A451B28E4556000D7912F /* HomeViewControllerExtensions.swift */ = {isa = PBXFileReference; lastKnownFileType = sourcecode.swift; path = HomeViewControllerExtensions.swift; sourceTree = "<group>"; };
		564A451D28E458F200D7912F /* TopArticlesCollectionViewCell.swift */ = {isa = PBXFileReference; lastKnownFileType = sourcecode.swift; path = TopArticlesCollectionViewCell.swift; sourceTree = "<group>"; };
		564A451E28E458F200D7912F /* TopArticlesCollectionViewCell.xib */ = {isa = PBXFileReference; lastKnownFileType = file.xib; path = TopArticlesCollectionViewCell.xib; sourceTree = "<group>"; };
		564A452128E47AD100D7912F /* HomeViewModel.swift */ = {isa = PBXFileReference; lastKnownFileType = sourcecode.swift; path = HomeViewModel.swift; sourceTree = "<group>"; };
		564A452328E47D0C00D7912F /* Article.swift */ = {isa = PBXFileReference; lastKnownFileType = sourcecode.swift; path = Article.swift; sourceTree = "<group>"; };
		564A452528E47D4100D7912F /* ArticleModel.swift */ = {isa = PBXFileReference; lastKnownFileType = sourcecode.swift; path = ArticleModel.swift; sourceTree = "<group>"; };
		564E777128E5C1E900190601 /* SearchViewControllerExtension.swift */ = {isa = PBXFileReference; lastKnownFileType = sourcecode.swift; path = SearchViewControllerExtension.swift; sourceTree = "<group>"; };
		564E777328E627F700190601 /* SearchViewModel.swift */ = {isa = PBXFileReference; lastKnownFileType = sourcecode.swift; path = SearchViewModel.swift; sourceTree = "<group>"; };
		564E777528E6280400190601 /* SearchModel.swift */ = {isa = PBXFileReference; lastKnownFileType = sourcecode.swift; path = SearchModel.swift; sourceTree = "<group>"; };
		569E9CBD28E4D1D300F4B9EA /* FlightsHotelsViewController.swift */ = {isa = PBXFileReference; lastKnownFileType = sourcecode.swift; path = FlightsHotelsViewController.swift; sourceTree = "<group>"; };
		569E9CBF28E4D1E900F4B9EA /* FlightsHotelsViewModel.swift */ = {isa = PBXFileReference; lastKnownFileType = sourcecode.swift; path = FlightsHotelsViewModel.swift; sourceTree = "<group>"; };
		569E9CC128E4D20800F4B9EA /* Flights.swift */ = {isa = PBXFileReference; lastKnownFileType = sourcecode.swift; path = Flights.swift; sourceTree = "<group>"; };
		569E9CC328E4D21400F4B9EA /* Hotels.swift */ = {isa = PBXFileReference; lastKnownFileType = sourcecode.swift; path = Hotels.swift; sourceTree = "<group>"; };
		569E9CC528E4D27500F4B9EA /* FlightsHotelsModel.swift */ = {isa = PBXFileReference; lastKnownFileType = sourcecode.swift; path = FlightsHotelsModel.swift; sourceTree = "<group>"; };
		569E9CC728E4D72900F4B9EA /* FlightsHotelsTableViewCell.swift */ = {isa = PBXFileReference; lastKnownFileType = sourcecode.swift; path = FlightsHotelsTableViewCell.swift; sourceTree = "<group>"; };
		569E9CC828E4D72900F4B9EA /* FlightsHotelsTableViewCell.xib */ = {isa = PBXFileReference; lastKnownFileType = file.xib; path = FlightsHotelsTableViewCell.xib; sourceTree = "<group>"; };
		569E9CCB28E4D87D00F4B9EA /* FlightsHotels.storyboard */ = {isa = PBXFileReference; lastKnownFileType = file.storyboard; path = FlightsHotels.storyboard; sourceTree = "<group>"; };
		56E9FF7428E7048A007C24DA /* BookmarkViewModel.swift */ = {isa = PBXFileReference; lastKnownFileType = sourcecode.swift; path = BookmarkViewModel.swift; sourceTree = "<group>"; };
		56E9FF7628E70494007C24DA /* BookmarkModel.swift */ = {isa = PBXFileReference; lastKnownFileType = sourcecode.swift; path = BookmarkModel.swift; sourceTree = "<group>"; };
		56E9FF7828E7049E007C24DA /* Bookmark.swift */ = {isa = PBXFileReference; lastKnownFileType = sourcecode.swift; path = Bookmark.swift; sourceTree = "<group>"; };
		56E9FF7D28E70B2A007C24DA /* DetailStoryboard.storyboard */ = {isa = PBXFileReference; lastKnownFileType = file.storyboard; path = DetailStoryboard.storyboard; sourceTree = "<group>"; };
		56E9FF7F28E70B3D007C24DA /* DetailViewController.swift */ = {isa = PBXFileReference; lastKnownFileType = sourcecode.swift; path = DetailViewController.swift; sourceTree = "<group>"; };
		AA4700C70D0F232D87747B97 /* Pods_TravelGuideApplication.framework */ = {isa = PBXFileReference; explicitFileType = wrapper.framework; includeInIndex = 0; path = Pods_TravelGuideApplication.framework; sourceTree = BUILT_PRODUCTS_DIR; };
		C0B0AC28F4F61A26519B555D /* Pods-TravelGuideApplication.debug.xcconfig */ = {isa = PBXFileReference; includeInIndex = 1; lastKnownFileType = text.xcconfig; name = "Pods-TravelGuideApplication.debug.xcconfig"; path = "Target Support Files/Pods-TravelGuideApplication/Pods-TravelGuideApplication.debug.xcconfig"; sourceTree = "<group>"; };
/* End PBXFileReference section */

/* Begin PBXFrameworksBuildPhase section */
		562B70D328E33471002A52AB /* Frameworks */ = {
			isa = PBXFrameworksBuildPhase;
			buildActionMask = 2147483647;
			files = (
				290FF5157B51B76936006A3D /* Pods_TravelGuideApplication.framework in Frameworks */,
			);
			runOnlyForDeploymentPostprocessing = 0;
		};
/* End PBXFrameworksBuildPhase section */

/* Begin PBXGroup section */
		562B70CD28E33471002A52AB = {
			isa = PBXGroup;
			children = (
				562B70D828E33471002A52AB /* TravelGuideApplication */,
				562B70D728E33471002A52AB /* Products */,
				632BE77E6A1E840C631B0452 /* Pods */,
				849B0B16966A1B846C84F8F7 /* Frameworks */,
			);
			sourceTree = "<group>";
		};
		562B70D728E33471002A52AB /* Products */ = {
			isa = PBXGroup;
			children = (
				562B70D628E33471002A52AB /* TravelGuideApplication.app */,
			);
			name = Products;
			sourceTree = "<group>";
		};
		562B70D828E33471002A52AB /* TravelGuideApplication */ = {
			isa = PBXGroup;
			children = (
				569E9CB828E4D19300F4B9EA /* Flights&HotelsModule */,
				564A44FE28E339BF00D7912F /* Network */,
				564A44FD28E3398500D7912F /* HelperClasses */,
				564A44F828E3393600D7912F /* Extensions */,
				564A44F728E3390600D7912F /* Utilities */,
				564A44F628E338F900D7912F /* DetailsModule */,
				564A44F528E338E600D7912F /* BookmarkModule */,
				564A44F428E338DD00D7912F /* SearchModule */,
				564A44F328E338C400D7912F /* HomeModule */,
				564A44F228E338AE00D7912F /* Application */,
				562B70DF28E33471002A52AB /* Main.storyboard */,
			);
			path = TravelGuideApplication;
			sourceTree = "<group>";
		};
		564A44F228E338AE00D7912F /* Application */ = {
			isa = PBXGroup;
			children = (
				562B70D928E33471002A52AB /* AppDelegate.swift */,
				562B70DB28E33471002A52AB /* SceneDelegate.swift */,
			);
			path = Application;
			sourceTree = "<group>";
		};
		564A44F328E338C400D7912F /* HomeModule */ = {
			isa = PBXGroup;
			children = (
				564A44FC28E3397B00D7912F /* CustomCell */,
				564A44FB28E3397300D7912F /* Model */,
				564A44FA28E3396D00D7912F /* ViewModel */,
				564A44F928E3396200D7912F /* ViewController */,
				564A450528E33C1A00D7912F /* HomeStoryboard.storyboard */,
			);
			path = HomeModule;
			sourceTree = "<group>";
		};
		564A44F428E338DD00D7912F /* SearchModule */ = {
			isa = PBXGroup;
			children = (
				564A450C28E3577700D7912F /* CustomCell */,
				564A450B28E3577200D7912F /* Model */,
				564A450A28E3576D00D7912F /* ViewModel */,
				564A450928E3576200D7912F /* ViewController */,
				564A450D28E3578800D7912F /* SearchStoryboard.storyboard */,
			);
			path = SearchModule;
			sourceTree = "<group>";
		};
		564A44F528E338E600D7912F /* BookmarkModule */ = {
			isa = PBXGroup;
			children = (
				564A451428E3584700D7912F /* CustomCell */,
				564A451328E3584300D7912F /* Model */,
				564A451228E3583F00D7912F /* ViewModel */,
				564A451128E3583800D7912F /* ViewController */,
				564A451528E3585B00D7912F /* BookmarkStoryboard.storyboard */,
			);
			path = BookmarkModule;
			sourceTree = "<group>";
		};
		564A44F628E338F900D7912F /* DetailsModule */ = {
			isa = PBXGroup;
			children = (
				56E9FF7C28E70AF3007C24DA /* Model */,
				56E9FF7B28E70AED007C24DA /* ViewModel */,
				56E9FF7A28E70AE0007C24DA /* ViewController */,
				56E9FF7D28E70B2A007C24DA /* DetailStoryboard.storyboard */,
			);
			path = DetailsModule;
			sourceTree = "<group>";
		};
		564A44F728E3390600D7912F /* Utilities */ = {
			isa = PBXGroup;
			children = (
				5609FACB28E756F9008EA005 /* BookmarkCoreData+CoreDataClass.swift */,
				5609FACC28E756F9008EA005 /* BookmarkCoreData+CoreDataProperties.swift */,
				562B70E228E33471002A52AB /* TravelGuideApplication.xcdatamodeld */,
				562B70E528E33474002A52AB /* Assets.xcassets */,
				562B70E728E33474002A52AB /* LaunchScreen.storyboard */,
				564A451928E42BEE00D7912F /* Source_Sans_Pro */,
				562B70EA28E33474002A52AB /* Info.plist */,
			);
			path = Utilities;
			sourceTree = "<group>";
		};
		564A44F828E3393600D7912F /* Extensions */ = {
			isa = PBXGroup;
			children = (
				564A450328E33A9300D7912F /* TabBarControllerExtension.swift */,
			);
			path = Extensions;
			sourceTree = "<group>";
		};
		564A44F928E3396200D7912F /* ViewController */ = {
			isa = PBXGroup;
			children = (
				564A450728E33C3300D7912F /* HomeViewController.swift */,
				564A451B28E4556000D7912F /* HomeViewControllerExtensions.swift */,
			);
			path = ViewController;
			sourceTree = "<group>";
		};
		564A44FA28E3396D00D7912F /* ViewModel */ = {
			isa = PBXGroup;
			children = (
				564A452128E47AD100D7912F /* HomeViewModel.swift */,
			);
			path = ViewModel;
			sourceTree = "<group>";
		};
		564A44FB28E3397300D7912F /* Model */ = {
			isa = PBXGroup;
			children = (
				564A452328E47D0C00D7912F /* Article.swift */,
				564A452528E47D4100D7912F /* ArticleModel.swift */,
			);
			path = Model;
			sourceTree = "<group>";
		};
		564A44FC28E3397B00D7912F /* CustomCell */ = {
			isa = PBXGroup;
			children = (
				564A451D28E458F200D7912F /* TopArticlesCollectionViewCell.swift */,
				564A451E28E458F200D7912F /* TopArticlesCollectionViewCell.xib */,
			);
			path = CustomCell;
			sourceTree = "<group>";
		};
		564A44FD28E3398500D7912F /* HelperClasses */ = {
			isa = PBXGroup;
			children = (
				564A44FF28E33A5D00D7912F /* TableViewHelper.swift */,
				564A450128E33A6800D7912F /* CollectionViewHelper.swift */,
				5609FACF28E75A84008EA005 /* CoreDataStack.swift */,
			);
			path = HelperClasses;
			sourceTree = "<group>";
		};
		564A44FE28E339BF00D7912F /* Network */ = {
			isa = PBXGroup;
			children = (
			);
			path = Network;
			sourceTree = "<group>";
		};
		564A450928E3576200D7912F /* ViewController */ = {
			isa = PBXGroup;
			children = (
				564A450F28E357DF00D7912F /* SearchViewController.swift */,
				564E777128E5C1E900190601 /* SearchViewControllerExtension.swift */,
			);
			path = ViewController;
			sourceTree = "<group>";
		};
		564A450A28E3576D00D7912F /* ViewModel */ = {
			isa = PBXGroup;
			children = (
				564E777328E627F700190601 /* SearchViewModel.swift */,
			);
			path = ViewModel;
			sourceTree = "<group>";
		};
		564A450B28E3577200D7912F /* Model */ = {
			isa = PBXGroup;
			children = (
				564E777528E6280400190601 /* SearchModel.swift */,
			);
			path = Model;
			sourceTree = "<group>";
		};
		564A450C28E3577700D7912F /* CustomCell */ = {
			isa = PBXGroup;
			children = (
			);
			path = CustomCell;
			sourceTree = "<group>";
		};
		564A451128E3583800D7912F /* ViewController */ = {
			isa = PBXGroup;
			children = (
				564A451728E3588900D7912F /* BookmarkViewController.swift */,
			);
			path = ViewController;
			sourceTree = "<group>";
		};
		564A451228E3583F00D7912F /* ViewModel */ = {
			isa = PBXGroup;
			children = (
				56E9FF7428E7048A007C24DA /* BookmarkViewModel.swift */,
			);
			path = ViewModel;
			sourceTree = "<group>";
		};
		564A451328E3584300D7912F /* Model */ = {
			isa = PBXGroup;
			children = (
				56E9FF7628E70494007C24DA /* BookmarkModel.swift */,
				56E9FF7828E7049E007C24DA /* Bookmark.swift */,
			);
			path = Model;
			sourceTree = "<group>";
		};
		564A451428E3584700D7912F /* CustomCell */ = {
			isa = PBXGroup;
			children = (
			);
			path = CustomCell;
			sourceTree = "<group>";
		};
		569E9CB828E4D19300F4B9EA /* Flights&HotelsModule */ = {
			isa = PBXGroup;
			children = (
				569E9CBC28E4D1B400F4B9EA /* CustomCell */,
				569E9CBB28E4D1AD00F4B9EA /* Model */,
				569E9CBA28E4D1A800F4B9EA /* ViewModel */,
				569E9CB928E4D1A100F4B9EA /* ViewController */,
				569E9CCB28E4D87D00F4B9EA /* FlightsHotels.storyboard */,
			);
			path = "Flights&HotelsModule";
			sourceTree = "<group>";
		};
		569E9CB928E4D1A100F4B9EA /* ViewController */ = {
			isa = PBXGroup;
			children = (
				569E9CBD28E4D1D300F4B9EA /* FlightsHotelsViewController.swift */,
			);
			path = ViewController;
			sourceTree = "<group>";
		};
		569E9CBA28E4D1A800F4B9EA /* ViewModel */ = {
			isa = PBXGroup;
			children = (
				569E9CBF28E4D1E900F4B9EA /* FlightsHotelsViewModel.swift */,
			);
			path = ViewModel;
			sourceTree = "<group>";
		};
		569E9CBB28E4D1AD00F4B9EA /* Model */ = {
			isa = PBXGroup;
			children = (
				569E9CC128E4D20800F4B9EA /* Flights.swift */,
				569E9CC328E4D21400F4B9EA /* Hotels.swift */,
				569E9CC528E4D27500F4B9EA /* FlightsHotelsModel.swift */,
			);
			path = Model;
			sourceTree = "<group>";
		};
		569E9CBC28E4D1B400F4B9EA /* CustomCell */ = {
			isa = PBXGroup;
			children = (
				569E9CC728E4D72900F4B9EA /* FlightsHotelsTableViewCell.swift */,
				569E9CC828E4D72900F4B9EA /* FlightsHotelsTableViewCell.xib */,
			);
			path = CustomCell;
			sourceTree = "<group>";
		};
		56E9FF7A28E70AE0007C24DA /* ViewController */ = {
			isa = PBXGroup;
			children = (
				56E9FF7F28E70B3D007C24DA /* DetailViewController.swift */,
			);
			path = ViewController;
			sourceTree = "<group>";
		};
		56E9FF7B28E70AED007C24DA /* ViewModel */ = {
			isa = PBXGroup;
			children = (
			);
			path = ViewModel;
			sourceTree = "<group>";
		};
		56E9FF7C28E70AF3007C24DA /* Model */ = {
			isa = PBXGroup;
			children = (
			);
			path = Model;
			sourceTree = "<group>";
		};
		632BE77E6A1E840C631B0452 /* Pods */ = {
			isa = PBXGroup;
			children = (
				C0B0AC28F4F61A26519B555D /* Pods-TravelGuideApplication.debug.xcconfig */,
				0304E5E5D4C52480887683EC /* Pods-TravelGuideApplication.release.xcconfig */,
			);
			path = Pods;
			sourceTree = "<group>";
		};
		849B0B16966A1B846C84F8F7 /* Frameworks */ = {
			isa = PBXGroup;
			children = (
				AA4700C70D0F232D87747B97 /* Pods_TravelGuideApplication.framework */,
			);
			name = Frameworks;
			sourceTree = "<group>";
		};
/* End PBXGroup section */

/* Begin PBXNativeTarget section */
		562B70D528E33471002A52AB /* TravelGuideApplication */ = {
			isa = PBXNativeTarget;
			buildConfigurationList = 562B70ED28E33474002A52AB /* Build configuration list for PBXNativeTarget "TravelGuideApplication" */;
			buildPhases = (
				B59C85E7A878A7D3F9ED82B2 /* [CP] Check Pods Manifest.lock */,
				562B70D228E33471002A52AB /* Sources */,
				562B70D328E33471002A52AB /* Frameworks */,
				562B70D428E33471002A52AB /* Resources */,
				6CAE9DD9F2824DABA9B197E5 /* [CP] Embed Pods Frameworks */,
			);
			buildRules = (
			);
			dependencies = (
			);
			name = TravelGuideApplication;
			productName = TravelGuideApplication;
			productReference = 562B70D628E33471002A52AB /* TravelGuideApplication.app */;
			productType = "com.apple.product-type.application";
		};
/* End PBXNativeTarget section */

/* Begin PBXProject section */
		562B70CE28E33471002A52AB /* Project object */ = {
			isa = PBXProject;
			attributes = {
				BuildIndependentTargetsInParallel = 1;
				LastSwiftUpdateCheck = 1340;
				LastUpgradeCheck = 1340;
				TargetAttributes = {
					562B70D528E33471002A52AB = {
						CreatedOnToolsVersion = 13.4.1;
					};
				};
			};
			buildConfigurationList = 562B70D128E33471002A52AB /* Build configuration list for PBXProject "TravelGuideApplication" */;
			compatibilityVersion = "Xcode 13.0";
			developmentRegion = en;
			hasScannedForEncodings = 0;
			knownRegions = (
				en,
				Base,
			);
			mainGroup = 562B70CD28E33471002A52AB;
			productRefGroup = 562B70D728E33471002A52AB /* Products */;
			projectDirPath = "";
			projectRoot = "";
			targets = (
				562B70D528E33471002A52AB /* TravelGuideApplication */,
			);
		};
/* End PBXProject section */

/* Begin PBXResourcesBuildPhase section */
		562B70D428E33471002A52AB /* Resources */ = {
			isa = PBXResourcesBuildPhase;
			buildActionMask = 2147483647;
			files = (
				562B70E928E33474002A52AB /* LaunchScreen.storyboard in Resources */,
				564A452028E458F200D7912F /* TopArticlesCollectionViewCell.xib in Resources */,
				569E9CCA28E4D72900F4B9EA /* FlightsHotelsTableViewCell.xib in Resources */,
				56E9FF7E28E70B2A007C24DA /* DetailStoryboard.storyboard in Resources */,
				564A451628E3585B00D7912F /* BookmarkStoryboard.storyboard in Resources */,
				564A450E28E3578800D7912F /* SearchStoryboard.storyboard in Resources */,
				569E9CCC28E4D87D00F4B9EA /* FlightsHotels.storyboard in Resources */,
				562B70E628E33474002A52AB /* Assets.xcassets in Resources */,
				564A450628E33C1A00D7912F /* HomeStoryboard.storyboard in Resources */,
				564A451A28E42BEE00D7912F /* Source_Sans_Pro in Resources */,
				562B70E128E33471002A52AB /* Main.storyboard in Resources */,
			);
			runOnlyForDeploymentPostprocessing = 0;
		};
/* End PBXResourcesBuildPhase section */

/* Begin PBXShellScriptBuildPhase section */
		6CAE9DD9F2824DABA9B197E5 /* [CP] Embed Pods Frameworks */ = {
			isa = PBXShellScriptBuildPhase;
			buildActionMask = 2147483647;
			files = (
			);
			inputFileListPaths = (
				"${PODS_ROOT}/Target Support Files/Pods-TravelGuideApplication/Pods-TravelGuideApplication-frameworks-${CONFIGURATION}-input-files.xcfilelist",
			);
			name = "[CP] Embed Pods Frameworks";
			outputFileListPaths = (
				"${PODS_ROOT}/Target Support Files/Pods-TravelGuideApplication/Pods-TravelGuideApplication-frameworks-${CONFIGURATION}-output-files.xcfilelist",
			);
			runOnlyForDeploymentPostprocessing = 0;
			shellPath = /bin/sh;
			shellScript = "\"${PODS_ROOT}/Target Support Files/Pods-TravelGuideApplication/Pods-TravelGuideApplication-frameworks.sh\"\n";
			showEnvVarsInLog = 0;
		};
		B59C85E7A878A7D3F9ED82B2 /* [CP] Check Pods Manifest.lock */ = {
			isa = PBXShellScriptBuildPhase;
			buildActionMask = 2147483647;
			files = (
			);
			inputFileListPaths = (
			);
			inputPaths = (
				"${PODS_PODFILE_DIR_PATH}/Podfile.lock",
				"${PODS_ROOT}/Manifest.lock",
			);
			name = "[CP] Check Pods Manifest.lock";
			outputFileListPaths = (
			);
			outputPaths = (
				"$(DERIVED_FILE_DIR)/Pods-TravelGuideApplication-checkManifestLockResult.txt",
			);
			runOnlyForDeploymentPostprocessing = 0;
			shellPath = /bin/sh;
			shellScript = "diff \"${PODS_PODFILE_DIR_PATH}/Podfile.lock\" \"${PODS_ROOT}/Manifest.lock\" > /dev/null\nif [ $? != 0 ] ; then\n    # print error to STDERR\n    echo \"error: The sandbox is not in sync with the Podfile.lock. Run 'pod install' or update your CocoaPods installation.\" >&2\n    exit 1\nfi\n# This output is used by Xcode 'outputs' to avoid re-running this script phase.\necho \"SUCCESS\" > \"${SCRIPT_OUTPUT_FILE_0}\"\n";
			showEnvVarsInLog = 0;
		};
/* End PBXShellScriptBuildPhase section */

/* Begin PBXSourcesBuildPhase section */
		562B70D228E33471002A52AB /* Sources */ = {
			isa = PBXSourcesBuildPhase;
			buildActionMask = 2147483647;
			files = (
				564E777428E627F700190601 /* SearchViewModel.swift in Sources */,
				569E9CC228E4D20800F4B9EA /* Flights.swift in Sources */,
				564A452428E47D0C00D7912F /* Article.swift in Sources */,
				564A452628E47D4100D7912F /* ArticleModel.swift in Sources */,
				564A450428E33A9300D7912F /* TabBarControllerExtension.swift in Sources */,
				569E9CC028E4D1E900F4B9EA /* FlightsHotelsViewModel.swift in Sources */,
				562B70DA28E33471002A52AB /* AppDelegate.swift in Sources */,
				564E777228E5C1E900190601 /* SearchViewControllerExtension.swift in Sources */,
				5609FACE28E756F9008EA005 /* BookmarkCoreData+CoreDataProperties.swift in Sources */,
				564A451028E357DF00D7912F /* SearchViewController.swift in Sources */,
				56E9FF8028E70B3D007C24DA /* DetailViewController.swift in Sources */,
				56E9FF7928E7049E007C24DA /* Bookmark.swift in Sources */,
				564A451828E3588900D7912F /* BookmarkViewController.swift in Sources */,
				569E9CC928E4D72900F4B9EA /* FlightsHotelsTableViewCell.swift in Sources */,
				569E9CC628E4D27500F4B9EA /* FlightsHotelsModel.swift in Sources */,
				5609FAD028E75A84008EA005 /* CoreDataStack.swift in Sources */,
				56E9FF7528E7048A007C24DA /* BookmarkViewModel.swift in Sources */,
				564E777628E6280400190601 /* SearchModel.swift in Sources */,
				564A451C28E4556000D7912F /* HomeViewControllerExtensions.swift in Sources */,
				564A450828E33C3300D7912F /* HomeViewController.swift in Sources */,
				569E9CC428E4D21400F4B9EA /* Hotels.swift in Sources */,
				564A451F28E458F200D7912F /* TopArticlesCollectionViewCell.swift in Sources */,
				5609FACD28E756F9008EA005 /* BookmarkCoreData+CoreDataClass.swift in Sources */,
				564A452228E47AD100D7912F /* HomeViewModel.swift in Sources */,
				564A450228E33A6800D7912F /* CollectionViewHelper.swift in Sources */,
				569E9CBE28E4D1D300F4B9EA /* FlightsHotelsViewController.swift in Sources */,
				562B70DC28E33471002A52AB /* SceneDelegate.swift in Sources */,
				564A450028E33A5D00D7912F /* TableViewHelper.swift in Sources */,
				562B70E428E33471002A52AB /* TravelGuideApplication.xcdatamodeld in Sources */,
				56E9FF7728E70494007C24DA /* BookmarkModel.swift in Sources */,
			);
			runOnlyForDeploymentPostprocessing = 0;
		};
/* End PBXSourcesBuildPhase section */

/* Begin PBXVariantGroup section */
		562B70DF28E33471002A52AB /* Main.storyboard */ = {
			isa = PBXVariantGroup;
			children = (
				562B70E028E33471002A52AB /* Base */,
			);
			name = Main.storyboard;
			sourceTree = "<group>";
		};
		562B70E728E33474002A52AB /* LaunchScreen.storyboard */ = {
			isa = PBXVariantGroup;
			children = (
				562B70E828E33474002A52AB /* Base */,
			);
			name = LaunchScreen.storyboard;
			sourceTree = "<group>";
		};
/* End PBXVariantGroup section */

/* Begin XCBuildConfiguration section */
		562B70EB28E33474002A52AB /* Debug */ = {
			isa = XCBuildConfiguration;
			buildSettings = {
				ALWAYS_SEARCH_USER_PATHS = NO;
				CLANG_ANALYZER_NONNULL = YES;
				CLANG_ANALYZER_NUMBER_OBJECT_CONVERSION = YES_AGGRESSIVE;
				CLANG_CXX_LANGUAGE_STANDARD = "gnu++17";
				CLANG_ENABLE_MODULES = YES;
				CLANG_ENABLE_OBJC_ARC = YES;
				CLANG_ENABLE_OBJC_WEAK = YES;
				CLANG_WARN_BLOCK_CAPTURE_AUTORELEASING = YES;
				CLANG_WARN_BOOL_CONVERSION = YES;
				CLANG_WARN_COMMA = YES;
				CLANG_WARN_CONSTANT_CONVERSION = YES;
				CLANG_WARN_DEPRECATED_OBJC_IMPLEMENTATIONS = YES;
				CLANG_WARN_DIRECT_OBJC_ISA_USAGE = YES_ERROR;
				CLANG_WARN_DOCUMENTATION_COMMENTS = YES;
				CLANG_WARN_EMPTY_BODY = YES;
				CLANG_WARN_ENUM_CONVERSION = YES;
				CLANG_WARN_INFINITE_RECURSION = YES;
				CLANG_WARN_INT_CONVERSION = YES;
				CLANG_WARN_NON_LITERAL_NULL_CONVERSION = YES;
				CLANG_WARN_OBJC_IMPLICIT_RETAIN_SELF = YES;
				CLANG_WARN_OBJC_LITERAL_CONVERSION = YES;
				CLANG_WARN_OBJC_ROOT_CLASS = YES_ERROR;
				CLANG_WARN_QUOTED_INCLUDE_IN_FRAMEWORK_HEADER = YES;
				CLANG_WARN_RANGE_LOOP_ANALYSIS = YES;
				CLANG_WARN_STRICT_PROTOTYPES = YES;
				CLANG_WARN_SUSPICIOUS_MOVE = YES;
				CLANG_WARN_UNGUARDED_AVAILABILITY = YES_AGGRESSIVE;
				CLANG_WARN_UNREACHABLE_CODE = YES;
				CLANG_WARN__DUPLICATE_METHOD_MATCH = YES;
				COPY_PHASE_STRIP = NO;
				DEBUG_INFORMATION_FORMAT = dwarf;
				ENABLE_STRICT_OBJC_MSGSEND = YES;
				ENABLE_TESTABILITY = YES;
				GCC_C_LANGUAGE_STANDARD = gnu11;
				GCC_DYNAMIC_NO_PIC = NO;
				GCC_NO_COMMON_BLOCKS = YES;
				GCC_OPTIMIZATION_LEVEL = 0;
				GCC_PREPROCESSOR_DEFINITIONS = (
					"DEBUG=1",
					"$(inherited)",
				);
				GCC_WARN_64_TO_32_BIT_CONVERSION = YES;
				GCC_WARN_ABOUT_RETURN_TYPE = YES_ERROR;
				GCC_WARN_UNDECLARED_SELECTOR = YES;
				GCC_WARN_UNINITIALIZED_AUTOS = YES_AGGRESSIVE;
				GCC_WARN_UNUSED_FUNCTION = YES;
				GCC_WARN_UNUSED_VARIABLE = YES;
				IPHONEOS_DEPLOYMENT_TARGET = 15.5;
				MTL_ENABLE_DEBUG_INFO = INCLUDE_SOURCE;
				MTL_FAST_MATH = YES;
				ONLY_ACTIVE_ARCH = YES;
				SDKROOT = iphoneos;
				SWIFT_ACTIVE_COMPILATION_CONDITIONS = DEBUG;
				SWIFT_OPTIMIZATION_LEVEL = "-Onone";
			};
			name = Debug;
		};
		562B70EC28E33474002A52AB /* Release */ = {
			isa = XCBuildConfiguration;
			buildSettings = {
				ALWAYS_SEARCH_USER_PATHS = NO;
				CLANG_ANALYZER_NONNULL = YES;
				CLANG_ANALYZER_NUMBER_OBJECT_CONVERSION = YES_AGGRESSIVE;
				CLANG_CXX_LANGUAGE_STANDARD = "gnu++17";
				CLANG_ENABLE_MODULES = YES;
				CLANG_ENABLE_OBJC_ARC = YES;
				CLANG_ENABLE_OBJC_WEAK = YES;
				CLANG_WARN_BLOCK_CAPTURE_AUTORELEASING = YES;
				CLANG_WARN_BOOL_CONVERSION = YES;
				CLANG_WARN_COMMA = YES;
				CLANG_WARN_CONSTANT_CONVERSION = YES;
				CLANG_WARN_DEPRECATED_OBJC_IMPLEMENTATIONS = YES;
				CLANG_WARN_DIRECT_OBJC_ISA_USAGE = YES_ERROR;
				CLANG_WARN_DOCUMENTATION_COMMENTS = YES;
				CLANG_WARN_EMPTY_BODY = YES;
				CLANG_WARN_ENUM_CONVERSION = YES;
				CLANG_WARN_INFINITE_RECURSION = YES;
				CLANG_WARN_INT_CONVERSION = YES;
				CLANG_WARN_NON_LITERAL_NULL_CONVERSION = YES;
				CLANG_WARN_OBJC_IMPLICIT_RETAIN_SELF = YES;
				CLANG_WARN_OBJC_LITERAL_CONVERSION = YES;
				CLANG_WARN_OBJC_ROOT_CLASS = YES_ERROR;
				CLANG_WARN_QUOTED_INCLUDE_IN_FRAMEWORK_HEADER = YES;
				CLANG_WARN_RANGE_LOOP_ANALYSIS = YES;
				CLANG_WARN_STRICT_PROTOTYPES = YES;
				CLANG_WARN_SUSPICIOUS_MOVE = YES;
				CLANG_WARN_UNGUARDED_AVAILABILITY = YES_AGGRESSIVE;
				CLANG_WARN_UNREACHABLE_CODE = YES;
				CLANG_WARN__DUPLICATE_METHOD_MATCH = YES;
				COPY_PHASE_STRIP = NO;
				DEBUG_INFORMATION_FORMAT = "dwarf-with-dsym";
				ENABLE_NS_ASSERTIONS = NO;
				ENABLE_STRICT_OBJC_MSGSEND = YES;
				GCC_C_LANGUAGE_STANDARD = gnu11;
				GCC_NO_COMMON_BLOCKS = YES;
				GCC_WARN_64_TO_32_BIT_CONVERSION = YES;
				GCC_WARN_ABOUT_RETURN_TYPE = YES_ERROR;
				GCC_WARN_UNDECLARED_SELECTOR = YES;
				GCC_WARN_UNINITIALIZED_AUTOS = YES_AGGRESSIVE;
				GCC_WARN_UNUSED_FUNCTION = YES;
				GCC_WARN_UNUSED_VARIABLE = YES;
				IPHONEOS_DEPLOYMENT_TARGET = 15.5;
				MTL_ENABLE_DEBUG_INFO = NO;
				MTL_FAST_MATH = YES;
				SDKROOT = iphoneos;
				SWIFT_COMPILATION_MODE = wholemodule;
				SWIFT_OPTIMIZATION_LEVEL = "-O";
				VALIDATE_PRODUCT = YES;
			};
			name = Release;
		};
		562B70EE28E33474002A52AB /* Debug */ = {
			isa = XCBuildConfiguration;
			baseConfigurationReference = C0B0AC28F4F61A26519B555D /* Pods-TravelGuideApplication.debug.xcconfig */;
			buildSettings = {
				ASSETCATALOG_COMPILER_APPICON_NAME = AppIcon;
				ASSETCATALOG_COMPILER_GLOBAL_ACCENT_COLOR_NAME = AccentColor;
				CODE_SIGN_STYLE = Automatic;
				CURRENT_PROJECT_VERSION = 1;
				DEVELOPMENT_TEAM = 4V65M99L44;
				GENERATE_INFOPLIST_FILE = YES;
				INFOPLIST_FILE = TravelGuideApplication/Utilities/Info.plist;
				INFOPLIST_KEY_UIApplicationSupportsIndirectInputEvents = YES;
				INFOPLIST_KEY_UILaunchStoryboardName = LaunchScreen;
				INFOPLIST_KEY_UIMainStoryboardFile = Main;
				INFOPLIST_KEY_UISupportedInterfaceOrientations_iPad = "UIInterfaceOrientationPortrait UIInterfaceOrientationPortraitUpsideDown UIInterfaceOrientationLandscapeLeft UIInterfaceOrientationLandscapeRight";
				INFOPLIST_KEY_UISupportedInterfaceOrientations_iPhone = "UIInterfaceOrientationPortrait UIInterfaceOrientationLandscapeLeft UIInterfaceOrientationLandscapeRight";
				LD_RUNPATH_SEARCH_PATHS = (
					"$(inherited)",
					"@executable_path/Frameworks",
				);
				MARKETING_VERSION = 1.0;
				PRODUCT_BUNDLE_IDENTIFIER = com.candemirbilal.TravelGuideApplication;
				PRODUCT_NAME = "$(TARGET_NAME)";
				SWIFT_EMIT_LOC_STRINGS = YES;
				SWIFT_VERSION = 5.0;
				TARGETED_DEVICE_FAMILY = "1,2";
			};
			name = Debug;
		};
		562B70EF28E33474002A52AB /* Release */ = {
			isa = XCBuildConfiguration;
			baseConfigurationReference = 0304E5E5D4C52480887683EC /* Pods-TravelGuideApplication.release.xcconfig */;
			buildSettings = {
				ASSETCATALOG_COMPILER_APPICON_NAME = AppIcon;
				ASSETCATALOG_COMPILER_GLOBAL_ACCENT_COLOR_NAME = AccentColor;
				CODE_SIGN_STYLE = Automatic;
				CURRENT_PROJECT_VERSION = 1;
				DEVELOPMENT_TEAM = 4V65M99L44;
				GENERATE_INFOPLIST_FILE = YES;
				INFOPLIST_FILE = TravelGuideApplication/Utilities/Info.plist;
				INFOPLIST_KEY_UIApplicationSupportsIndirectInputEvents = YES;
				INFOPLIST_KEY_UILaunchStoryboardName = LaunchScreen;
				INFOPLIST_KEY_UIMainStoryboardFile = Main;
				INFOPLIST_KEY_UISupportedInterfaceOrientations_iPad = "UIInterfaceOrientationPortrait UIInterfaceOrientationPortraitUpsideDown UIInterfaceOrientationLandscapeLeft UIInterfaceOrientationLandscapeRight";
				INFOPLIST_KEY_UISupportedInterfaceOrientations_iPhone = "UIInterfaceOrientationPortrait UIInterfaceOrientationLandscapeLeft UIInterfaceOrientationLandscapeRight";
				LD_RUNPATH_SEARCH_PATHS = (
					"$(inherited)",
					"@executable_path/Frameworks",
				);
				MARKETING_VERSION = 1.0;
				PRODUCT_BUNDLE_IDENTIFIER = com.candemirbilal.TravelGuideApplication;
				PRODUCT_NAME = "$(TARGET_NAME)";
				SWIFT_EMIT_LOC_STRINGS = YES;
				SWIFT_VERSION = 5.0;
				TARGETED_DEVICE_FAMILY = "1,2";
			};
			name = Release;
		};
/* End XCBuildConfiguration section */

/* Begin XCConfigurationList section */
		562B70D128E33471002A52AB /* Build configuration list for PBXProject "TravelGuideApplication" */ = {
			isa = XCConfigurationList;
			buildConfigurations = (
				562B70EB28E33474002A52AB /* Debug */,
				562B70EC28E33474002A52AB /* Release */,
			);
			defaultConfigurationIsVisible = 0;
			defaultConfigurationName = Release;
		};
		562B70ED28E33474002A52AB /* Build configuration list for PBXNativeTarget "TravelGuideApplication" */ = {
			isa = XCConfigurationList;
			buildConfigurations = (
				562B70EE28E33474002A52AB /* Debug */,
				562B70EF28E33474002A52AB /* Release */,
			);
			defaultConfigurationIsVisible = 0;
			defaultConfigurationName = Release;
		};
/* End XCConfigurationList section */

/* Begin XCVersionGroup section */
		562B70E228E33471002A52AB /* TravelGuideApplication.xcdatamodeld */ = {
			isa = XCVersionGroup;
			children = (
				562B70E328E33471002A52AB /* TravelGuideApplication.xcdatamodel */,
			);
			currentVersion = 562B70E328E33471002A52AB /* TravelGuideApplication.xcdatamodel */;
			path = TravelGuideApplication.xcdatamodeld;
			sourceTree = "<group>";
			versionGroupType = wrapper.xcdatamodel;
		};
/* End XCVersionGroup section */
	};
	rootObject = 562B70CE28E33471002A52AB /* Project object */;
}
